
Microsoft Visual Studio Solution File, Format Version 12.00
# Visual Studio 15
Project("{FAE04EC0-301F-11D3-BF4B-00C04F79EFBC}") = "Assembly-CSharp", "Assembly-CSharp.csproj", "{3E464997-7399-D49F-DFDF-F35B72C909C4}"
EndProject
Project("{FAE04EC0-301F-11D3-BF4B-00C04F79EFBC}") = "Assembly-CSharp-Editor", "Assembly-CSharp-Editor.csproj", "{576351AD-5752-8054-00F1-8D7FD7EF408A}"
EndProject
Global
	GlobalSection(SolutionConfigurationPlatforms) = preSolution
		Debug|Any CPU = Debug|Any CPU
		Release|Any CPU = Release|Any CPU
	EndGlobalSection
	GlobalSection(ProjectConfigurationPlatforms) = postSolution
		{3E464997-7399-D49F-DFDF-F35B72C909C4}.Debug|Any CPU.ActiveCfg = Debug|Any CPU
		{3E464997-7399-D49F-DFDF-F35B72C909C4}.Debug|Any CPU.Build.0 = Debug|Any CPU
		{3E464997-7399-D49F-DFDF-F35B72C909C4}.Release|Any CPU.ActiveCfg = Release|Any CPU
		{3E464997-7399-D49F-DFDF-F35B72C909C4}.Release|Any CPU.Build.0 = Release|Any CPU
		{576351AD-5752-8054-00F1-8D7FD7EF408A}.Debug|Any CPU.ActiveCfg = Debug|Any CPU
		{576351AD-5752-8054-00F1-8D7FD7EF408A}.Debug|Any CPU.Build.0 = Debug|Any CPU
		{576351AD-5752-8054-00F1-8D7FD7EF408A}.Release|Any CPU.ActiveCfg = Release|Any CPU
		{576351AD-5752-8054-00F1-8D7FD7EF408A}.Release|Any CPU.Build.0 = Release|Any CPU
	EndGlobalSection
	GlobalSection(SolutionProperties) = preSolution
		HideSolutionNode = FALSE
	EndGlobalSection
EndGlobal
